
Microsoft Visual Studio Solution File, Format Version 12.00
# Visual Studio Version 16
VisualStudioVersion = 16.0.31729.503
MinimumVisualStudioVersion = 10.0.40219.1
Project("{9A19103F-16F7-4668-BE54-9A1E7A4F7556}") = "CustomStartDeck", "CustomStartDeck.csproj", "{46BC723D-8A37-405C-BFAF-57160320882F}"
EndProject
Global
	GlobalSection(SolutionConfigurationPlatforms) = preSolution
		Debug|Any CPU = Debug|Any CPU
		Release|Any CPU = Release|Any CPU
	EndGlobalSection
	GlobalSection(ProjectConfigurationPlatforms) = postSolution
		{46BC723D-8A37-405C-BFAF-57160320882F}.Debug|Any CPU.ActiveCfg = Debug|Any CPU
		{46BC723D-8A37-405C-BFAF-57160320882F}.Debug|Any CPU.Build.0 = Debug|Any CPU
		{46BC723D-8A37-405C-BFAF-57160320882F}.Release|Any CPU.ActiveCfg = Release|Any CPU
		{46BC723D-8A37-405C-BFAF-57160320882F}.Release|Any CPU.Build.0 = Release|Any CPU
	EndGlobalSection
	GlobalSection(SolutionProperties) = preSolution
		HideSolutionNode = FALSE
	EndGlobalSection
	GlobalSection(ExtensibilityGlobals) = postSolution
		SolutionGuid = {27FD87D0-B7D5-42DB-87C5-39E4DF498269}
	EndGlobalSection
EndGlobal
